
Microsoft Visual Studio Solution File, Format Version 12.00
# Visual Studio Version 17
VisualStudioVersion = 17.6.33723.286
MinimumVisualStudioVersion = 10.0.40219.1
Project("{9A19103F-16F7-4668-BE54-9A1E7A4F7556}") = "WPFSerialport", "WPFSerialport\WPFSerialport.csproj", "{6268D958-4391-48DF-A516-04C9E1BC278C}"
EndProject
Project("{FAE04EC0-301F-11D3-BF4B-00C04F79EFBC}") = "MyLibrary", "MyLibrary\MyLibrary.csproj", "{CEDF0264-C1FC-4B00-80DE-D04C344594D0}"
EndProject
Global
	GlobalSection(SolutionConfigurationPlatforms) = preSolution
		Debug|Any CPU = Debug|Any CPU
		Release|Any CPU = Release|Any CPU
	EndGlobalSection
	GlobalSection(ProjectConfigurationPlatforms) = postSolution
		{6268D958-4391-48DF-A516-04C9E1BC278C}.Debug|Any CPU.ActiveCfg = Debug|Any CPU
		{6268D958-4391-48DF-A516-04C9E1BC278C}.Debug|Any CPU.Build.0 = Debug|Any CPU
		{6268D958-4391-48DF-A516-04C9E1BC278C}.Release|Any CPU.ActiveCfg = Release|Any CPU
		{6268D958-4391-48DF-A516-04C9E1BC278C}.Release|Any CPU.Build.0 = Release|Any CPU
		{CEDF0264-C1FC-4B00-80DE-D04C344594D0}.Debug|Any CPU.ActiveCfg = Debug|Any CPU
		{CEDF0264-C1FC-4B00-80DE-D04C344594D0}.Debug|Any CPU.Build.0 = Debug|Any CPU
		{CEDF0264-C1FC-4B00-80DE-D04C344594D0}.Release|Any CPU.ActiveCfg = Release|Any CPU
		{CEDF0264-C1FC-4B00-80DE-D04C344594D0}.Release|Any CPU.Build.0 = Release|Any CPU
	EndGlobalSection
	GlobalSection(SolutionProperties) = preSolution
		HideSolutionNode = FALSE
	EndGlobalSection
	GlobalSection(ExtensibilityGlobals) = postSolution
		SolutionGuid = {3AE061F6-7580-4ED2-803E-447C8198C1CC}
	EndGlobalSection
EndGlobal
